
Microsoft Visual Studio Solution File, Format Version 10.00
# Visual C++ Express 2008
Project("{8BC9CEB8-8B4A-11D0-8D11-00A0C91BC942}") = "DiskDirExtended", "DiskDirExtended.vcproj", "{5C931FC7-9B48-4EC3-8B4D-790BE87028FC}"
EndProject
Global
	GlobalSection(SolutionConfigurationPlatforms) = preSolution
		Debug|Win32 = Debug|Win32
		Release|Win32 = Release|Win32
	EndGlobalSection
	GlobalSection(ProjectConfigurationPlatforms) = postSolution
		{5C931FC7-9B48-4EC3-8B4D-790BE87028FC}.Debug|Win32.ActiveCfg = Debug|Win32
		{5C931FC7-9B48-4EC3-8B4D-790BE87028FC}.Debug|Win32.Build.0 = Debug|Win32
		{5C931FC7-9B48-4EC3-8B4D-790BE87028FC}.Release|Win32.ActiveCfg = Release|Win32
		{5C931FC7-9B48-4EC3-8B4D-790BE87028FC}.Release|Win32.Build.0 = Release|Win32
	EndGlobalSection
	GlobalSection(SolutionProperties) = preSolution
		HideSolutionNode = FALSE
	EndGlobalSection
EndGlobal
